// !$*UTF8*$!
{
	archiveVersion = 1;
	classes = {
	};
	objectVersion = 56;
	objects = {

/* Begin PBXBuildFile section */
		A411B4D62D352537008158BE /* InterfaceSegrigration.swift in Sources */ = {isa = PBXBuildFile; fileRef = A411B4D52D352537008158BE /* InterfaceSegrigration.swift */; };
		A41B019A2D171CD60062C097 /* swituiApp.swift in Sources */ = {isa = PBXBuildFile; fileRef = A41B01992D171CD60062C097 /* swituiApp.swift */; };
		A41B019C2D171CD60062C097 /* ContentView.swift in Sources */ = {isa = PBXBuildFile; fileRef = A41B019B2D171CD60062C097 /* ContentView.swift */; };
		A41B019E2D171CD80062C097 /* Assets.xcassets in Resources */ = {isa = PBXBuildFile; fileRef = A41B019D2D171CD80062C097 /* Assets.xcassets */; };
		A41B01A12D171CD80062C097 /* Preview Assets.xcassets in Resources */ = {isa = PBXBuildFile; fileRef = A41B01A02D171CD80062C097 /* Preview Assets.xcassets */; };
		A41B01AB2D171CD80062C097 /* swituiTests.swift in Sources */ = {isa = PBXBuildFile; fileRef = A41B01AA2D171CD80062C097 /* swituiTests.swift */; };
		A41B01B52D171CD80062C097 /* swituiUITests.swift in Sources */ = {isa = PBXBuildFile; fileRef = A41B01B42D171CD80062C097 /* swituiUITests.swift */; };
		A41B01B72D171CD80062C097 /* swituiUITestsLaunchTests.swift in Sources */ = {isa = PBXBuildFile; fileRef = A41B01B62D171CD80062C097 /* swituiUITestsLaunchTests.swift */; };
		A41B01C42D171E510062C097 /* PostViewModel.swift in Sources */ = {isa = PBXBuildFile; fileRef = A41B01C32D171E510062C097 /* PostViewModel.swift */; };
		A41B01C62D171E9C0062C097 /* Post.swift in Sources */ = {isa = PBXBuildFile; fileRef = A41B01C52D171E9C0062C097 /* Post.swift */; };
		A41B01C82D171EC50062C097 /* APIService.swift in Sources */ = {isa = PBXBuildFile; fileRef = A41B01C72D171EC50062C097 /* APIService.swift */; };
		A427DB9F2D2CEC8000DF8EB0 /* OperatorsUse.swift in Sources */ = {isa = PBXBuildFile; fileRef = A427DB9E2D2CEC8000DF8EB0 /* OperatorsUse.swift */; };
		A42B42192D32D565006C7A60 /* ViewOnlyProtocol.swift in Sources */ = {isa = PBXBuildFile; fileRef = A42B42182D32D565006C7A60 /* ViewOnlyProtocol.swift */; };
		A42B421C2D32DC3E006C7A60 /* Shape.swift in Sources */ = {isa = PBXBuildFile; fileRef = A42B421B2D32DC3E006C7A60 /* Shape.swift */; };
		A42B421F2D32E297006C7A60 /* Associated.swift in Sources */ = {isa = PBXBuildFile; fileRef = A42B421E2D32E297006C7A60 /* Associated.swift */; };
		A475F8012D1DC49900A7739F /* StringExt.swift in Sources */ = {isa = PBXBuildFile; fileRef = A475F8002D1DC49900A7739F /* StringExt.swift */; };
		A475F8032D1DC4DF00A7739F /* BookListView.swift in Sources */ = {isa = PBXBuildFile; fileRef = A475F8022D1DC4DF00A7739F /* BookListView.swift */; };
		A475F8052D1DC52700A7739F /* EditBookView.swift in Sources */ = {isa = PBXBuildFile; fileRef = A475F8042D1DC52700A7739F /* EditBookView.swift */; };
		A475F8072D1DC56000A7739F /* NewBookView.swift in Sources */ = {isa = PBXBuildFile; fileRef = A475F8062D1DC56000A7739F /* NewBookView.swift */; };
		A4788F232D33C73E0026F553 /* Factory.swift in Sources */ = {isa = PBXBuildFile; fileRef = A4788F222D33C73E0026F553 /* Factory.swift */; };
		A4788F252D33CB750026F553 /* AbstractFactory.swift in Sources */ = {isa = PBXBuildFile; fileRef = A4788F242D33CB750026F553 /* AbstractFactory.swift */; };
		A48320802D3359E00046F268 /* ProtocolType.swift in Sources */ = {isa = PBXBuildFile; fileRef = A483207F2D3359E00046F268 /* ProtocolType.swift */; };
		A4A468422D1CFA5900AFC0F9 /* Book.swift in Sources */ = {isa = PBXBuildFile; fileRef = A4A468412D1CFA5900AFC0F9 /* Book.swift */; };
		A4CDD9EB2D3602E60092B474 /* Adapter.swift in Sources */ = {isa = PBXBuildFile; fileRef = A4CDD9EA2D3602E60092B474 /* Adapter.swift */; };
		A4E4BD3B2D32789600F84955 /* GridView.swift in Sources */ = {isa = PBXBuildFile; fileRef = A4E4BD3A2D32789600F84955 /* GridView.swift */; };
		A4E4BD3E2D327CAC00F84955 /* BankAccount.swift in Sources */ = {isa = PBXBuildFile; fileRef = A4E4BD3D2D327CAC00F84955 /* BankAccount.swift */; };
		A4EA56D72D340B15001F4FBE /* SingleReponsibility.swift in Sources */ = {isa = PBXBuildFile; fileRef = A4EA56D62D340B15001F4FBE /* SingleReponsibility.swift */; };
		A4EA56D92D341204001F4FBE /* OpenClosed.swift in Sources */ = {isa = PBXBuildFile; fileRef = A4EA56D82D341204001F4FBE /* OpenClosed.swift */; };
		A4EA56DB2D341C2F001F4FBE /* LiskovSubstitution.swift in Sources */ = {isa = PBXBuildFile; fileRef = A4EA56DA2D341C2F001F4FBE /* LiskovSubstitution.swift */; };
		A4EA56DD2D342609001F4FBE /* DependencyInversion.swift in Sources */ = {isa = PBXBuildFile; fileRef = A4EA56DC2D342609001F4FBE /* DependencyInversion.swift */; };
		A4FD92252D357B8500B54E33 /* Prototype.swift in Sources */ = {isa = PBXBuildFile; fileRef = A4FD92242D357B8500B54E33 /* Prototype.swift */; };
		A4FD92272D357F3800B54E33 /* Builder.swift in Sources */ = {isa = PBXBuildFile; fileRef = A4FD92262D357F3800B54E33 /* Builder.swift */; };
		A4FD92292D358E3800B54E33 /* Singleton.swift in Sources */ = {isa = PBXBuildFile; fileRef = A4FD92282D358E3800B54E33 /* Singleton.swift */; };
/* End PBXBuildFile section */

/* Begin PBXContainerItemProxy section */
		A41B01A72D171CD80062C097 /* PBXContainerItemProxy */ = {
			isa = PBXContainerItemProxy;
			containerPortal = A41B018E2D171CD60062C097 /* Project object */;
			proxyType = 1;
			remoteGlobalIDString = A41B01952D171CD60062C097;
			remoteInfo = switui;
		};
		A41B01B12D171CD80062C097 /* PBXContainerItemProxy */ = {
			isa = PBXContainerItemProxy;
			containerPortal = A41B018E2D171CD60062C097 /* Project object */;
			proxyType = 1;
			remoteGlobalIDString = A41B01952D171CD60062C097;
			remoteInfo = switui;
		};
/* End PBXContainerItemProxy section */

/* Begin PBXFileReference section */
		A411B4D52D352537008158BE /* InterfaceSegrigration.swift */ = {isa = PBXFileReference; lastKnownFileType = sourcecode.swift; path = InterfaceSegrigration.swift; sourceTree = "<group>"; };
		A41B01962D171CD60062C097 /* switui.app */ = {isa = PBXFileReference; explicitFileType = wrapper.application; includeInIndex = 0; path = switui.app; sourceTree = BUILT_PRODUCTS_DIR; };
		A41B01992D171CD60062C097 /* swituiApp.swift */ = {isa = PBXFileReference; lastKnownFileType = sourcecode.swift; path = swituiApp.swift; sourceTree = "<group>"; };
		A41B019B2D171CD60062C097 /* ContentView.swift */ = {isa = PBXFileReference; lastKnownFileType = sourcecode.swift; path = ContentView.swift; sourceTree = "<group>"; };
		A41B019D2D171CD80062C097 /* Assets.xcassets */ = {isa = PBXFileReference; lastKnownFileType = folder.assetcatalog; path = Assets.xcassets; sourceTree = "<group>"; };
		A41B01A02D171CD80062C097 /* Preview Assets.xcassets */ = {isa = PBXFileReference; lastKnownFileType = folder.assetcatalog; path = "Preview Assets.xcassets"; sourceTree = "<group>"; };
		A41B01A62D171CD80062C097 /* swituiTests.xctest */ = {isa = PBXFileReference; explicitFileType = wrapper.cfbundle; includeInIndex = 0; path = swituiTests.xctest; sourceTree = BUILT_PRODUCTS_DIR; };
		A41B01AA2D171CD80062C097 /* swituiTests.swift */ = {isa = PBXFileReference; lastKnownFileType = sourcecode.swift; path = swituiTests.swift; sourceTree = "<group>"; };
		A41B01B02D171CD80062C097 /* swituiUITests.xctest */ = {isa = PBXFileReference; explicitFileType = wrapper.cfbundle; includeInIndex = 0; path = swituiUITests.xctest; sourceTree = BUILT_PRODUCTS_DIR; };
		A41B01B42D171CD80062C097 /* swituiUITests.swift */ = {isa = PBXFileReference; lastKnownFileType = sourcecode.swift; path = swituiUITests.swift; sourceTree = "<group>"; };
		A41B01B62D171CD80062C097 /* swituiUITestsLaunchTests.swift */ = {isa = PBXFileReference; lastKnownFileType = sourcecode.swift; path = swituiUITestsLaunchTests.swift; sourceTree = "<group>"; };
		A41B01C32D171E510062C097 /* PostViewModel.swift */ = {isa = PBXFileReference; lastKnownFileType = sourcecode.swift; path = PostViewModel.swift; sourceTree = "<group>"; };
		A41B01C52D171E9C0062C097 /* Post.swift */ = {isa = PBXFileReference; lastKnownFileType = sourcecode.swift; path = Post.swift; sourceTree = "<group>"; };
		A41B01C72D171EC50062C097 /* APIService.swift */ = {isa = PBXFileReference; lastKnownFileType = sourcecode.swift; path = APIService.swift; sourceTree = "<group>"; };
		A427DB9E2D2CEC8000DF8EB0 /* OperatorsUse.swift */ = {isa = PBXFileReference; lastKnownFileType = sourcecode.swift; path = OperatorsUse.swift; sourceTree = "<group>"; };
		A42B42182D32D565006C7A60 /* ViewOnlyProtocol.swift */ = {isa = PBXFileReference; lastKnownFileType = sourcecode.swift; path = ViewOnlyProtocol.swift; sourceTree = "<group>"; };
		A42B421B2D32DC3E006C7A60 /* Shape.swift */ = {isa = PBXFileReference; lastKnownFileType = sourcecode.swift; path = Shape.swift; sourceTree = "<group>"; };
		A42B421E2D32E297006C7A60 /* Associated.swift */ = {isa = PBXFileReference; lastKnownFileType = sourcecode.swift; path = Associated.swift; sourceTree = "<group>"; };
		A475F8002D1DC49900A7739F /* StringExt.swift */ = {isa = PBXFileReference; lastKnownFileType = sourcecode.swift; path = StringExt.swift; sourceTree = "<group>"; };
		A475F8022D1DC4DF00A7739F /* BookListView.swift */ = {isa = PBXFileReference; lastKnownFileType = sourcecode.swift; path = BookListView.swift; sourceTree = "<group>"; };
		A475F8042D1DC52700A7739F /* EditBookView.swift */ = {isa = PBXFileReference; lastKnownFileType = sourcecode.swift; path = EditBookView.swift; sourceTree = "<group>"; };
		A475F8062D1DC56000A7739F /* NewBookView.swift */ = {isa = PBXFileReference; lastKnownFileType = sourcecode.swift; path = NewBookView.swift; sourceTree = "<group>"; };
		A4788F222D33C73E0026F553 /* Factory.swift */ = {isa = PBXFileReference; lastKnownFileType = sourcecode.swift; path = Factory.swift; sourceTree = "<group>"; };
		A4788F242D33CB750026F553 /* AbstractFactory.swift */ = {isa = PBXFileReference; lastKnownFileType = sourcecode.swift; path = AbstractFactory.swift; sourceTree = "<group>"; };
		A483207F2D3359E00046F268 /* ProtocolType.swift */ = {isa = PBXFileReference; lastKnownFileType = sourcecode.swift; path = ProtocolType.swift; sourceTree = "<group>"; };
		A4A468412D1CFA5900AFC0F9 /* Book.swift */ = {isa = PBXFileReference; lastKnownFileType = sourcecode.swift; path = Book.swift; sourceTree = "<group>"; };
		A4CDD9EA2D3602E60092B474 /* Adapter.swift */ = {isa = PBXFileReference; lastKnownFileType = sourcecode.swift; path = Adapter.swift; sourceTree = "<group>"; };
		A4E4BD3A2D32789600F84955 /* GridView.swift */ = {isa = PBXFileReference; lastKnownFileType = sourcecode.swift; path = GridView.swift; sourceTree = "<group>"; };
		A4E4BD3D2D327CAC00F84955 /* BankAccount.swift */ = {isa = PBXFileReference; lastKnownFileType = sourcecode.swift; path = BankAccount.swift; sourceTree = "<group>"; };
		A4EA56D62D340B15001F4FBE /* SingleReponsibility.swift */ = {isa = PBXFileReference; lastKnownFileType = sourcecode.swift; path = SingleReponsibility.swift; sourceTree = "<group>"; };
		A4EA56D82D341204001F4FBE /* OpenClosed.swift */ = {isa = PBXFileReference; lastKnownFileType = sourcecode.swift; path = OpenClosed.swift; sourceTree = "<group>"; };
		A4EA56DA2D341C2F001F4FBE /* LiskovSubstitution.swift */ = {isa = PBXFileReference; lastKnownFileType = sourcecode.swift; path = LiskovSubstitution.swift; sourceTree = "<group>"; };
		A4EA56DC2D342609001F4FBE /* DependencyInversion.swift */ = {isa = PBXFileReference; lastKnownFileType = sourcecode.swift; path = DependencyInversion.swift; sourceTree = "<group>"; };
		A4FD92242D357B8500B54E33 /* Prototype.swift */ = {isa = PBXFileReference; lastKnownFileType = sourcecode.swift; path = Prototype.swift; sourceTree = "<group>"; };
		A4FD92262D357F3800B54E33 /* Builder.swift */ = {isa = PBXFileReference; lastKnownFileType = sourcecode.swift; path = Builder.swift; sourceTree = "<group>"; };
		A4FD92282D358E3800B54E33 /* Singleton.swift */ = {isa = PBXFileReference; lastKnownFileType = sourcecode.swift; path = Singleton.swift; sourceTree = "<group>"; };
/* End PBXFileReference section */

/* Begin PBXFrameworksBuildPhase section */
		A41B01932D171CD60062C097 /* Frameworks */ = {
			isa = PBXFrameworksBuildPhase;
			buildActionMask = 2147483647;
			files = (
			);
			runOnlyForDeploymentPostprocessing = 0;
		};
		A41B01A32D171CD80062C097 /* Frameworks */ = {
			isa = PBXFrameworksBuildPhase;
			buildActionMask = 2147483647;
			files = (
			);
			runOnlyForDeploymentPostprocessing = 0;
		};
		A41B01AD2D171CD80062C097 /* Frameworks */ = {
			isa = PBXFrameworksBuildPhase;
			buildActionMask = 2147483647;
			files = (
			);
			runOnlyForDeploymentPostprocessing = 0;
		};
/* End PBXFrameworksBuildPhase section */

/* Begin PBXGroup section */
		A41B018D2D171CD60062C097 = {
			isa = PBXGroup;
			children = (
				A41B01982D171CD60062C097 /* switui */,
				A41B01A92D171CD80062C097 /* swituiTests */,
				A41B01B32D171CD80062C097 /* swituiUITests */,
				A41B01972D171CD60062C097 /* Products */,
			);
			sourceTree = "<group>";
		};
		A41B01972D171CD60062C097 /* Products */ = {
			isa = PBXGroup;
			children = (
				A41B01962D171CD60062C097 /* switui.app */,
				A41B01A62D171CD80062C097 /* swituiTests.xctest */,
				A41B01B02D171CD80062C097 /* swituiUITests.xctest */,
			);
			name = Products;
			sourceTree = "<group>";
		};
		A41B01982D171CD60062C097 /* switui */ = {
			isa = PBXGroup;
			children = (
				A4EA56D52D340AD9001F4FBE /* SOLID */,
				A4788F202D33C6CE0026F553 /* DesignPatterns */,
				A42B42162D32D45C006C7A60 /* protocol */,
				A4E4BD3C2D327C5E00F84955 /* Actor */,
				A4E4BD392D32787B00F84955 /* swiftui */,
				A427DB9D2D2CEC5B00DF8EB0 /* combine */,
				A4A468402D1CFA3600AFC0F9 /* SwiftData */,
				A41B01992D171CD60062C097 /* swituiApp.swift */,
				A41B019B2D171CD60062C097 /* ContentView.swift */,
				A41B01C32D171E510062C097 /* PostViewModel.swift */,
				A41B01C52D171E9C0062C097 /* Post.swift */,
				A41B01C72D171EC50062C097 /* APIService.swift */,
				A41B019D2D171CD80062C097 /* Assets.xcassets */,
				A41B019F2D171CD80062C097 /* Preview Content */,
			);
			path = switui;
			sourceTree = "<group>";
		};
		A41B019F2D171CD80062C097 /* Preview Content */ = {
			isa = PBXGroup;
			children = (
				A41B01A02D171CD80062C097 /* Preview Assets.xcassets */,
			);
			path = "Preview Content";
			sourceTree = "<group>";
		};
		A41B01A92D171CD80062C097 /* swituiTests */ = {
			isa = PBXGroup;
			children = (
				A41B01AA2D171CD80062C097 /* swituiTests.swift */,
			);
			path = swituiTests;
			sourceTree = "<group>";
		};
		A41B01B32D171CD80062C097 /* swituiUITests */ = {
			isa = PBXGroup;
			children = (
				A41B01B42D171CD80062C097 /* swituiUITests.swift */,
				A41B01B62D171CD80062C097 /* swituiUITestsLaunchTests.swift */,
			);
			path = swituiUITests;
			sourceTree = "<group>";
		};
		A427DB9D2D2CEC5B00DF8EB0 /* combine */ = {
			isa = PBXGroup;
			children = (
				A427DB9E2D2CEC8000DF8EB0 /* OperatorsUse.swift */,
			);
			path = combine;
			sourceTree = "<group>";
		};
		A42B42162D32D45C006C7A60 /* protocol */ = {
			isa = PBXGroup;
			children = (
				A483207E2D3359940046F268 /* ExistentialType */,
				A42B421D2D32E269006C7A60 /* associatedType */,
				A42B421A2D32DC0D006C7A60 /* opaque */,
				A42B42172D32D527006C7A60 /* ConditionalExtension */,
			);
			path = protocol;
			sourceTree = "<group>";
		};
		A42B42172D32D527006C7A60 /* ConditionalExtension */ = {
			isa = PBXGroup;
			children = (
				A42B42182D32D565006C7A60 /* ViewOnlyProtocol.swift */,
			);
			path = ConditionalExtension;
			sourceTree = "<group>";
		};
		A42B421A2D32DC0D006C7A60 /* opaque */ = {
			isa = PBXGroup;
			children = (
				A42B421B2D32DC3E006C7A60 /* Shape.swift */,
			);
			path = opaque;
			sourceTree = "<group>";
		};
		A42B421D2D32E269006C7A60 /* associatedType */ = {
			isa = PBXGroup;
			children = (
				A42B421E2D32E297006C7A60 /* Associated.swift */,
			);
			path = associatedType;
			sourceTree = "<group>";
		};
		A4788F202D33C6CE0026F553 /* DesignPatterns */ = {
			isa = PBXGroup;
			children = (
				A4CDD9E92D3602AC0092B474 /* Structural */,
				A4788F212D33C6EE0026F553 /* Creational */,
			);
			path = DesignPatterns;
			sourceTree = "<group>";
		};
		A4788F212D33C6EE0026F553 /* Creational */ = {
			isa = PBXGroup;
			children = (
				A4788F222D33C73E0026F553 /* Factory.swift */,
				A4788F242D33CB750026F553 /* AbstractFactory.swift */,
				A4FD92242D357B8500B54E33 /* Prototype.swift */,
				A4FD92262D357F3800B54E33 /* Builder.swift */,
				A4FD92282D358E3800B54E33 /* Singleton.swift */,
			);
			path = Creational;
			sourceTree = "<group>";
		};
		A483207E2D3359940046F268 /* ExistentialType */ = {
			isa = PBXGroup;
			children = (
				A483207F2D3359E00046F268 /* ProtocolType.swift */,
			);
			path = ExistentialType;
			sourceTree = "<group>";
		};
		A4A468402D1CFA3600AFC0F9 /* SwiftData */ = {
			isa = PBXGroup;
			children = (
				A4A468412D1CFA5900AFC0F9 /* Book.swift */,
				A475F8022D1DC4DF00A7739F /* BookListView.swift */,
				A475F8042D1DC52700A7739F /* EditBookView.swift */,
				A475F8062D1DC56000A7739F /* NewBookView.swift */,
				A475F8002D1DC49900A7739F /* StringExt.swift */,
			);
			path = SwiftData;
			sourceTree = "<group>";
		};
		A4CDD9E92D3602AC0092B474 /* Structural */ = {
			isa = PBXGroup;
			children = (
				A4CDD9EA2D3602E60092B474 /* Adapter.swift */,
			);
			path = Structural;
			sourceTree = "<group>";
		};
		A4E4BD392D32787B00F84955 /* swiftui */ = {
			isa = PBXGroup;
			children = (
				A4E4BD3A2D32789600F84955 /* GridView.swift */,
			);
			path = swiftui;
			sourceTree = "<group>";
		};
		A4E4BD3C2D327C5E00F84955 /* Actor */ = {
			isa = PBXGroup;
			children = (
				A4E4BD3D2D327CAC00F84955 /* BankAccount.swift */,
			);
			path = Actor;
			sourceTree = "<group>";
		};
		A4EA56D52D340AD9001F4FBE /* SOLID */ = {
			isa = PBXGroup;
			children = (
				A4EA56D62D340B15001F4FBE /* SingleReponsibility.swift */,
				A4EA56D82D341204001F4FBE /* OpenClosed.swift */,
				A4EA56DA2D341C2F001F4FBE /* LiskovSubstitution.swift */,
				A4EA56DC2D342609001F4FBE /* DependencyInversion.swift */,
				A411B4D52D352537008158BE /* InterfaceSegrigration.swift */,
			);
			path = SOLID;
			sourceTree = "<group>";
		};
/* End PBXGroup section */

/* Begin PBXNativeTarget section */
		A41B01952D171CD60062C097 /* switui */ = {
			isa = PBXNativeTarget;
			buildConfigurationList = A41B01BA2D171CD80062C097 /* Build configuration list for PBXNativeTarget "switui" */;
			buildPhases = (
				A41B01922D171CD60062C097 /* Sources */,
				A41B01932D171CD60062C097 /* Frameworks */,
				A41B01942D171CD60062C097 /* Resources */,
			);
			buildRules = (
			);
			dependencies = (
			);
			name = switui;
			productName = switui;
			productReference = A41B01962D171CD60062C097 /* switui.app */;
			productType = "com.apple.product-type.application";
		};
		A41B01A52D171CD80062C097 /* swituiTests */ = {
			isa = PBXNativeTarget;
			buildConfigurationList = A41B01BD2D171CD80062C097 /* Build configuration list for PBXNativeTarget "swituiTests" */;
			buildPhases = (
				A41B01A22D171CD80062C097 /* Sources */,
				A41B01A32D171CD80062C097 /* Frameworks */,
				A41B01A42D171CD80062C097 /* Resources */,
			);
			buildRules = (
			);
			dependencies = (
				A41B01A82D171CD80062C097 /* PBXTargetDependency */,
			);
			name = swituiTests;
			productName = swituiTests;
			productReference = A41B01A62D171CD80062C097 /* swituiTests.xctest */;
			productType = "com.apple.product-type.bundle.unit-test";
		};
		A41B01AF2D171CD80062C097 /* swituiUITests */ = {
			isa = PBXNativeTarget;
			buildConfigurationList = A41B01C02D171CD80062C097 /* Build configuration list for PBXNativeTarget "swituiUITests" */;
			buildPhases = (
				A41B01AC2D171CD80062C097 /* Sources */,
				A41B01AD2D171CD80062C097 /* Frameworks */,
				A41B01AE2D171CD80062C097 /* Resources */,
			);
			buildRules = (
			);
			dependencies = (
				A41B01B22D171CD80062C097 /* PBXTargetDependency */,
			);
			name = swituiUITests;
			productName = swituiUITests;
			productReference = A41B01B02D171CD80062C097 /* swituiUITests.xctest */;
			productType = "com.apple.product-type.bundle.ui-testing";
		};
/* End PBXNativeTarget section */

/* Begin PBXProject section */
		A41B018E2D171CD60062C097 /* Project object */ = {
			isa = PBXProject;
			attributes = {
				BuildIndependentTargetsInParallel = 1;
				LastSwiftUpdateCheck = 1520;
				LastUpgradeCheck = 1520;
				TargetAttributes = {
					A41B01952D171CD60062C097 = {
						CreatedOnToolsVersion = 15.2;
					};
					A41B01A52D171CD80062C097 = {
						CreatedOnToolsVersion = 15.2;
						TestTargetID = A41B01952D171CD60062C097;
					};
					A41B01AF2D171CD80062C097 = {
						CreatedOnToolsVersion = 15.2;
						TestTargetID = A41B01952D171CD60062C097;
					};
				};
			};
			buildConfigurationList = A41B01912D171CD60062C097 /* Build configuration list for PBXProject "switui" */;
			compatibilityVersion = "Xcode 14.0";
			developmentRegion = en;
			hasScannedForEncodings = 0;
			knownRegions = (
				en,
				Base,
			);
			mainGroup = A41B018D2D171CD60062C097;
			productRefGroup = A41B01972D171CD60062C097 /* Products */;
			projectDirPath = "";
			projectRoot = "";
			targets = (
				A41B01952D171CD60062C097 /* switui */,
				A41B01A52D171CD80062C097 /* swituiTests */,
				A41B01AF2D171CD80062C097 /* swituiUITests */,
			);
		};
/* End PBXProject section */

/* Begin PBXResourcesBuildPhase section */
		A41B01942D171CD60062C097 /* Resources */ = {
			isa = PBXResourcesBuildPhase;
			buildActionMask = 2147483647;
			files = (
				A41B01A12D171CD80062C097 /* Preview Assets.xcassets in Resources */,
				A41B019E2D171CD80062C097 /* Assets.xcassets in Resources */,
			);
			runOnlyForDeploymentPostprocessing = 0;
		};
		A41B01A42D171CD80062C097 /* Resources */ = {
			isa = PBXResourcesBuildPhase;
			buildActionMask = 2147483647;
			files = (
			);
			runOnlyForDeploymentPostprocessing = 0;
		};
		A41B01AE2D171CD80062C097 /* Resources */ = {
			isa = PBXResourcesBuildPhase;
			buildActionMask = 2147483647;
			files = (
			);
			runOnlyForDeploymentPostprocessing = 0;
		};
/* End PBXResourcesBuildPhase section */

/* Begin PBXSourcesBuildPhase section */
		A41B01922D171CD60062C097 /* Sources */ = {
			isa = PBXSourcesBuildPhase;
			buildActionMask = 2147483647;
			files = (
				A475F8012D1DC49900A7739F /* StringExt.swift in Sources */,
				A4EA56D92D341204001F4FBE /* OpenClosed.swift in Sources */,
				A4A468422D1CFA5900AFC0F9 /* Book.swift in Sources */,
				A48320802D3359E00046F268 /* ProtocolType.swift in Sources */,
				A41B01C42D171E510062C097 /* PostViewModel.swift in Sources */,
				A41B01C82D171EC50062C097 /* APIService.swift in Sources */,
				A4FD92252D357B8500B54E33 /* Prototype.swift in Sources */,
				A4FD92272D357F3800B54E33 /* Builder.swift in Sources */,
				A4EA56DB2D341C2F001F4FBE /* LiskovSubstitution.swift in Sources */,
				A475F8032D1DC4DF00A7739F /* BookListView.swift in Sources */,
				A4FD92292D358E3800B54E33 /* Singleton.swift in Sources */,
				A4788F252D33CB750026F553 /* AbstractFactory.swift in Sources */,
				A41B019C2D171CD60062C097 /* ContentView.swift in Sources */,
				A4CDD9EB2D3602E60092B474 /* Adapter.swift in Sources */,
				A42B42192D32D565006C7A60 /* ViewOnlyProtocol.swift in Sources */,
				A4E4BD3E2D327CAC00F84955 /* BankAccount.swift in Sources */,
				A41B019A2D171CD60062C097 /* swituiApp.swift in Sources */,
				A411B4D62D352537008158BE /* InterfaceSegrigration.swift in Sources */,
				A4EA56D72D340B15001F4FBE /* SingleReponsibility.swift in Sources */,
				A475F8052D1DC52700A7739F /* EditBookView.swift in Sources */,
				A42B421C2D32DC3E006C7A60 /* Shape.swift in Sources */,
				A42B421F2D32E297006C7A60 /* Associated.swift in Sources */,
				A4EA56DD2D342609001F4FBE /* DependencyInversion.swift in Sources */,
				A41B01C62D171E9C0062C097 /* Post.swift in Sources */,
				A4788F232D33C73E0026F553 /* Factory.swift in Sources */,
				A427DB9F2D2CEC8000DF8EB0 /* OperatorsUse.swift in Sources */,
				A4E4BD3B2D32789600F84955 /* GridView.swift in Sources */,
				A475F8072D1DC56000A7739F /* NewBookView.swift in Sources */,
			);
			runOnlyForDeploymentPostprocessing = 0;
		};
		A41B01A22D171CD80062C097 /* Sources */ = {
			isa = PBXSourcesBuildPhase;
			buildActionMask = 2147483647;
			files = (
				A41B01AB2D171CD80062C097 /* swituiTests.swift in Sources */,
			);
			runOnlyForDeploymentPostprocessing = 0;
		};
		A41B01AC2D171CD80062C097 /* Sources */ = {
			isa = PBXSourcesBuildPhase;
			buildActionMask = 2147483647;
			files = (
				A41B01B52D171CD80062C097 /* swituiUITests.swift in Sources */,
				A41B01B72D171CD80062C097 /* swituiUITestsLaunchTests.swift in Sources */,
			);
			runOnlyForDeploymentPostprocessing = 0;
		};
/* End PBXSourcesBuildPhase section */

/* Begin PBXTargetDependency section */
		A41B01A82D171CD80062C097 /* PBXTargetDependency */ = {
			isa = PBXTargetDependency;
			target = A41B01952D171CD60062C097 /* switui */;
			targetProxy = A41B01A72D171CD80062C097 /* PBXContainerItemProxy */;
		};
		A41B01B22D171CD80062C097 /* PBXTargetDependency */ = {
			isa = PBXTargetDependency;
			target = A41B01952D171CD60062C097 /* switui */;
			targetProxy = A41B01B12D171CD80062C097 /* PBXContainerItemProxy */;
		};
/* End PBXTargetDependency section */

/* Begin XCBuildConfiguration section */
		A41B01B82D171CD80062C097 /* Debug */ = {
			isa = XCBuildConfiguration;
			buildSettings = {
				ALWAYS_SEARCH_USER_PATHS = NO;
				ASSETCATALOG_COMPILER_GENERATE_SWIFT_ASSET_SYMBOL_EXTENSIONS = YES;
				CLANG_ANALYZER_NONNULL = YES;
				CLANG_ANALYZER_NUMBER_OBJECT_CONVERSION = YES_AGGRESSIVE;
				CLANG_CXX_LANGUAGE_STANDARD = "gnu++20";
				CLANG_ENABLE_MODULES = YES;
				CLANG_ENABLE_OBJC_ARC = YES;
				CLANG_ENABLE_OBJC_WEAK = YES;
				CLANG_WARN_BLOCK_CAPTURE_AUTORELEASING = YES;
				CLANG_WARN_BOOL_CONVERSION = YES;
				CLANG_WARN_COMMA = YES;
				CLANG_WARN_CONSTANT_CONVERSION = YES;
				CLANG_WARN_DEPRECATED_OBJC_IMPLEMENTATIONS = YES;
				CLANG_WARN_DIRECT_OBJC_ISA_USAGE = YES_ERROR;
				CLANG_WARN_DOCUMENTATION_COMMENTS = YES;
				CLANG_WARN_EMPTY_BODY = YES;
				CLANG_WARN_ENUM_CONVERSION = YES;
				CLANG_WARN_INFINITE_RECURSION = YES;
				CLANG_WARN_INT_CONVERSION = YES;
				CLANG_WARN_NON_LITERAL_NULL_CONVERSION = YES;
				CLANG_WARN_OBJC_IMPLICIT_RETAIN_SELF = YES;
				CLANG_WARN_OBJC_LITERAL_CONVERSION = YES;
				CLANG_WARN_OBJC_ROOT_CLASS = YES_ERROR;
				CLANG_WARN_QUOTED_INCLUDE_IN_FRAMEWORK_HEADER = YES;
				CLANG_WARN_RANGE_LOOP_ANALYSIS = YES;
				CLANG_WARN_STRICT_PROTOTYPES = YES;
				CLANG_WARN_SUSPICIOUS_MOVE = YES;
				CLANG_WARN_UNGUARDED_AVAILABILITY = YES_AGGRESSIVE;
				CLANG_WARN_UNREACHABLE_CODE = YES;
				CLANG_WARN__DUPLICATE_METHOD_MATCH = YES;
				COPY_PHASE_STRIP = NO;
				DEBUG_INFORMATION_FORMAT = dwarf;
				ENABLE_STRICT_OBJC_MSGSEND = YES;
				ENABLE_TESTABILITY = YES;
				ENABLE_USER_SCRIPT_SANDBOXING = YES;
				GCC_C_LANGUAGE_STANDARD = gnu17;
				GCC_DYNAMIC_NO_PIC = NO;
				GCC_NO_COMMON_BLOCKS = YES;
				GCC_OPTIMIZATION_LEVEL = 0;
				GCC_PREPROCESSOR_DEFINITIONS = (
					"DEBUG=1",
					"$(inherited)",
				);
				GCC_WARN_64_TO_32_BIT_CONVERSION = YES;
				GCC_WARN_ABOUT_RETURN_TYPE = YES_ERROR;
				GCC_WARN_UNDECLARED_SELECTOR = YES;
				GCC_WARN_UNINITIALIZED_AUTOS = YES_AGGRESSIVE;
				GCC_WARN_UNUSED_FUNCTION = YES;
				GCC_WARN_UNUSED_VARIABLE = YES;
				IPHONEOS_DEPLOYMENT_TARGET = 17.2;
				LOCALIZATION_PREFERS_STRING_CATALOGS = YES;
				MTL_ENABLE_DEBUG_INFO = INCLUDE_SOURCE;
				MTL_FAST_MATH = YES;
				ONLY_ACTIVE_ARCH = YES;
				SDKROOT = iphoneos;
				SWIFT_ACTIVE_COMPILATION_CONDITIONS = "DEBUG $(inherited)";
				SWIFT_OPTIMIZATION_LEVEL = "-Onone";
			};
			name = Debug;
		};
		A41B01B92D171CD80062C097 /* Release */ = {
			isa = XCBuildConfiguration;
			buildSettings = {
				ALWAYS_SEARCH_USER_PATHS = NO;
				ASSETCATALOG_COMPILER_GENERATE_SWIFT_ASSET_SYMBOL_EXTENSIONS = YES;
				CLANG_ANALYZER_NONNULL = YES;
				CLANG_ANALYZER_NUMBER_OBJECT_CONVERSION = YES_AGGRESSIVE;
				CLANG_CXX_LANGUAGE_STANDARD = "gnu++20";
				CLANG_ENABLE_MODULES = YES;
				CLANG_ENABLE_OBJC_ARC = YES;
				CLANG_ENABLE_OBJC_WEAK = YES;
				CLANG_WARN_BLOCK_CAPTURE_AUTORELEASING = YES;
				CLANG_WARN_BOOL_CONVERSION = YES;
				CLANG_WARN_COMMA = YES;
				CLANG_WARN_CONSTANT_CONVERSION = YES;
				CLANG_WARN_DEPRECATED_OBJC_IMPLEMENTATIONS = YES;
				CLANG_WARN_DIRECT_OBJC_ISA_USAGE = YES_ERROR;
				CLANG_WARN_DOCUMENTATION_COMMENTS = YES;
				CLANG_WARN_EMPTY_BODY = YES;
				CLANG_WARN_ENUM_CONVERSION = YES;
				CLANG_WARN_INFINITE_RECURSION = YES;
				CLANG_WARN_INT_CONVERSION = YES;
				CLANG_WARN_NON_LITERAL_NULL_CONVERSION = YES;
				CLANG_WARN_OBJC_IMPLICIT_RETAIN_SELF = YES;
				CLANG_WARN_OBJC_LITERAL_CONVERSION = YES;
				CLANG_WARN_OBJC_ROOT_CLASS = YES_ERROR;
				CLANG_WARN_QUOTED_INCLUDE_IN_FRAMEWORK_HEADER = YES;
				CLANG_WARN_RANGE_LOOP_ANALYSIS = YES;
				CLANG_WARN_STRICT_PROTOTYPES = YES;
				CLANG_WARN_SUSPICIOUS_MOVE = YES;
				CLANG_WARN_UNGUARDED_AVAILABILITY = YES_AGGRESSIVE;
				CLANG_WARN_UNREACHABLE_CODE = YES;
				CLANG_WARN__DUPLICATE_METHOD_MATCH = YES;
				COPY_PHASE_STRIP = NO;
				DEBUG_INFORMATION_FORMAT = "dwarf-with-dsym";
				ENABLE_NS_ASSERTIONS = NO;
				ENABLE_STRICT_OBJC_MSGSEND = YES;
				ENABLE_USER_SCRIPT_SANDBOXING = YES;
				GCC_C_LANGUAGE_STANDARD = gnu17;
				GCC_NO_COMMON_BLOCKS = YES;
				GCC_WARN_64_TO_32_BIT_CONVERSION = YES;
				GCC_WARN_ABOUT_RETURN_TYPE = YES_ERROR;
				GCC_WARN_UNDECLARED_SELECTOR = YES;
				GCC_WARN_UNINITIALIZED_AUTOS = YES_AGGRESSIVE;
				GCC_WARN_UNUSED_FUNCTION = YES;
				GCC_WARN_UNUSED_VARIABLE = YES;
				IPHONEOS_DEPLOYMENT_TARGET = 17.2;
				LOCALIZATION_PREFERS_STRING_CATALOGS = YES;
				MTL_ENABLE_DEBUG_INFO = NO;
				MTL_FAST_MATH = YES;
				SDKROOT = iphoneos;
				SWIFT_COMPILATION_MODE = wholemodule;
				VALIDATE_PRODUCT = YES;
			};
			name = Release;
		};
		A41B01BB2D171CD80062C097 /* Debug */ = {
			isa = XCBuildConfiguration;
			buildSettings = {
				ASSETCATALOG_COMPILER_APPICON_NAME = AppIcon;
				ASSETCATALOG_COMPILER_GLOBAL_ACCENT_COLOR_NAME = AccentColor;
				CODE_SIGN_STYLE = Automatic;
				CURRENT_PROJECT_VERSION = 1;
				DEVELOPMENT_ASSET_PATHS = "\"switui/Preview Content\"";
				ENABLE_PREVIEWS = YES;
				GENERATE_INFOPLIST_FILE = YES;
				INFOPLIST_KEY_UIApplicationSceneManifest_Generation = YES;
				INFOPLIST_KEY_UIApplicationSupportsIndirectInputEvents = YES;
				INFOPLIST_KEY_UILaunchScreen_Generation = YES;
				INFOPLIST_KEY_UISupportedInterfaceOrientations_iPad = "UIInterfaceOrientationPortrait UIInterfaceOrientationPortraitUpsideDown UIInterfaceOrientationLandscapeLeft UIInterfaceOrientationLandscapeRight";
				INFOPLIST_KEY_UISupportedInterfaceOrientations_iPhone = "UIInterfaceOrientationPortrait UIInterfaceOrientationLandscapeLeft UIInterfaceOrientationLandscapeRight";
				LD_RUNPATH_SEARCH_PATHS = (
					"$(inherited)",
					"@executable_path/Frameworks",
				);
				MARKETING_VERSION = 1.0;
				PRODUCT_BUNDLE_IDENTIFIER = com.abd.switui;
				PRODUCT_NAME = "$(TARGET_NAME)";
				SWIFT_EMIT_LOC_STRINGS = YES;
				SWIFT_VERSION = 5.0;
				TARGETED_DEVICE_FAMILY = "1,2";
			};
			name = Debug;
		};
		A41B01BC2D171CD80062C097 /* Release */ = {
			isa = XCBuildConfiguration;
			buildSettings = {
				ASSETCATALOG_COMPILER_APPICON_NAME = AppIcon;
				ASSETCATALOG_COMPILER_GLOBAL_ACCENT_COLOR_NAME = AccentColor;
				CODE_SIGN_STYLE = Automatic;
				CURRENT_PROJECT_VERSION = 1;
				DEVELOPMENT_ASSET_PATHS = "\"switui/Preview Content\"";
				ENABLE_PREVIEWS = YES;
				GENERATE_INFOPLIST_FILE = YES;
				INFOPLIST_KEY_UIApplicationSceneManifest_Generation = YES;
				INFOPLIST_KEY_UIApplicationSupportsIndirectInputEvents = YES;
				INFOPLIST_KEY_UILaunchScreen_Generation = YES;
				INFOPLIST_KEY_UISupportedInterfaceOrientations_iPad = "UIInterfaceOrientationPortrait UIInterfaceOrientationPortraitUpsideDown UIInterfaceOrientationLandscapeLeft UIInterfaceOrientationLandscapeRight";
				INFOPLIST_KEY_UISupportedInterfaceOrientations_iPhone = "UIInterfaceOrientationPortrait UIInterfaceOrientationLandscapeLeft UIInterfaceOrientationLandscapeRight";
				LD_RUNPATH_SEARCH_PATHS = (
					"$(inherited)",
					"@executable_path/Frameworks",
				);
				MARKETING_VERSION = 1.0;
				PRODUCT_BUNDLE_IDENTIFIER = com.abd.switui;
				PRODUCT_NAME = "$(TARGET_NAME)";
				SWIFT_EMIT_LOC_STRINGS = YES;
				SWIFT_VERSION = 5.0;
				TARGETED_DEVICE_FAMILY = "1,2";
			};
			name = Release;
		};
		A41B01BE2D171CD80062C097 /* Debug */ = {
			isa = XCBuildConfiguration;
			buildSettings = {
				ALWAYS_EMBED_SWIFT_STANDARD_LIBRARIES = YES;
				BUNDLE_LOADER = "$(TEST_HOST)";
				CODE_SIGN_STYLE = Automatic;
				CURRENT_PROJECT_VERSION = 1;
				GENERATE_INFOPLIST_FILE = YES;
				IPHONEOS_DEPLOYMENT_TARGET = 17.2;
				MARKETING_VERSION = 1.0;
				PRODUCT_BUNDLE_IDENTIFIER = com.abd.swituiTests;
				PRODUCT_NAME = "$(TARGET_NAME)";
				SWIFT_EMIT_LOC_STRINGS = NO;
				SWIFT_VERSION = 5.0;
				TARGETED_DEVICE_FAMILY = "1,2";
				TEST_HOST = "$(BUILT_PRODUCTS_DIR)/switui.app/$(BUNDLE_EXECUTABLE_FOLDER_PATH)/switui";
			};
			name = Debug;
		};
		A41B01BF2D171CD80062C097 /* Release */ = {
			isa = XCBuildConfiguration;
			buildSettings = {
				ALWAYS_EMBED_SWIFT_STANDARD_LIBRARIES = YES;
				BUNDLE_LOADER = "$(TEST_HOST)";
				CODE_SIGN_STYLE = Automatic;
				CURRENT_PROJECT_VERSION = 1;
				GENERATE_INFOPLIST_FILE = YES;
				IPHONEOS_DEPLOYMENT_TARGET = 17.2;
				MARKETING_VERSION = 1.0;
				PRODUCT_BUNDLE_IDENTIFIER = com.abd.swituiTests;
				PRODUCT_NAME = "$(TARGET_NAME)";
				SWIFT_EMIT_LOC_STRINGS = NO;
				SWIFT_VERSION = 5.0;
				TARGETED_DEVICE_FAMILY = "1,2";
				TEST_HOST = "$(BUILT_PRODUCTS_DIR)/switui.app/$(BUNDLE_EXECUTABLE_FOLDER_PATH)/switui";
			};
			name = Release;
		};
		A41B01C12D171CD80062C097 /* Debug */ = {
			isa = XCBuildConfiguration;
			buildSettings = {
				ALWAYS_EMBED_SWIFT_STANDARD_LIBRARIES = YES;
				CODE_SIGN_STYLE = Automatic;
				CURRENT_PROJECT_VERSION = 1;
				GENERATE_INFOPLIST_FILE = YES;
				MARKETING_VERSION = 1.0;
				PRODUCT_BUNDLE_IDENTIFIER = com.abd.swituiUITests;
				PRODUCT_NAME = "$(TARGET_NAME)";
				SWIFT_EMIT_LOC_STRINGS = NO;
				SWIFT_VERSION = 5.0;
				TARGETED_DEVICE_FAMILY = "1,2";
				TEST_TARGET_NAME = switui;
			};
			name = Debug;
		};
		A41B01C22D171CD80062C097 /* Release */ = {
			isa = XCBuildConfiguration;
			buildSettings = {
				ALWAYS_EMBED_SWIFT_STANDARD_LIBRARIES = YES;
				CODE_SIGN_STYLE = Automatic;
				CURRENT_PROJECT_VERSION = 1;
				GENERATE_INFOPLIST_FILE = YES;
				MARKETING_VERSION = 1.0;
				PRODUCT_BUNDLE_IDENTIFIER = com.abd.swituiUITests;
				PRODUCT_NAME = "$(TARGET_NAME)";
				SWIFT_EMIT_LOC_STRINGS = NO;
				SWIFT_VERSION = 5.0;
				TARGETED_DEVICE_FAMILY = "1,2";
				TEST_TARGET_NAME = switui;
			};
			name = Release;
		};
/* End XCBuildConfiguration section */

/* Begin XCConfigurationList section */
		A41B01912D171CD60062C097 /* Build configuration list for PBXProject "switui" */ = {
			isa = XCConfigurationList;
			buildConfigurations = (
				A41B01B82D171CD80062C097 /* Debug */,
				A41B01B92D171CD80062C097 /* Release */,
			);
			defaultConfigurationIsVisible = 0;
			defaultConfigurationName = Release;
		};
		A41B01BA2D171CD80062C097 /* Build configuration list for PBXNativeTarget "switui" */ = {
			isa = XCConfigurationList;
			buildConfigurations = (
				A41B01BB2D171CD80062C097 /* Debug */,
				A41B01BC2D171CD80062C097 /* Release */,
			);
			defaultConfigurationIsVisible = 0;
			defaultConfigurationName = Release;
		};
		A41B01BD2D171CD80062C097 /* Build configuration list for PBXNativeTarget "swituiTests" */ = {
			isa = XCConfigurationList;
			buildConfigurations = (
				A41B01BE2D171CD80062C097 /* Debug */,
				A41B01BF2D171CD80062C097 /* Release */,
			);
			defaultConfigurationIsVisible = 0;
			defaultConfigurationName = Release;
		};
		A41B01C02D171CD80062C097 /* Build configuration list for PBXNativeTarget "swituiUITests" */ = {
			isa = XCConfigurationList;
			buildConfigurations = (
				A41B01C12D171CD80062C097 /* Debug */,
				A41B01C22D171CD80062C097 /* Release */,
			);
			defaultConfigurationIsVisible = 0;
			defaultConfigurationName = Release;
		};
/* End XCConfigurationList section */
	};
	rootObject = A41B018E2D171CD60062C097 /* Project object */;
}
